
Microsoft Visual Studio Solution File, Format Version 12.00
# Visual Studio Version 17
VisualStudioVersion = 17.7.34221.43
MinimumVisualStudioVersion = 10.0.40219.1
Project("{FAE04EC0-301F-11D3-BF4B-00C04F79EFBC}") = "MovieShows_Coursework", "MovieShows_Coursework\MovieShows_Coursework.csproj", "{34F4B889-B857-48FE-97FB-665CCDABF38F}"
EndProject
Global
	GlobalSection(SolutionConfigurationPlatforms) = preSolution
		Debug|Any CPU = Debug|Any CPU
		Release|Any CPU = Release|Any CPU
	EndGlobalSection
	GlobalSection(ProjectConfigurationPlatforms) = postSolution
		{34F4B889-B857-48FE-97FB-665CCDABF38F}.Debug|Any CPU.ActiveCfg = Debug|Any CPU
		{34F4B889-B857-48FE-97FB-665CCDABF38F}.Debug|Any CPU.Build.0 = Debug|Any CPU
		{34F4B889-B857-48FE-97FB-665CCDABF38F}.Release|Any CPU.ActiveCfg = Release|Any CPU
		{34F4B889-B857-48FE-97FB-665CCDABF38F}.Release|Any CPU.Build.0 = Release|Any CPU
	EndGlobalSection
	GlobalSection(SolutionProperties) = preSolution
		HideSolutionNode = FALSE
	EndGlobalSection
	GlobalSection(ExtensibilityGlobals) = postSolution
		SolutionGuid = {B1C62CB5-200B-4EA3-B5CF-20AE5E5C7B71}
	EndGlobalSection
EndGlobal
